
Microsoft Visual Studio Solution File, Format Version 12.00
# Visual Studio Version 16
VisualStudioVersion = 16.0.30204.135
MinimumVisualStudioVersion = 10.0.40219.1
Project("{FAE04EC0-301F-11D3-BF4B-00C04F79EFBC}") = "ApexResidence", "ApexResidence\ApexResidence.csproj", "{D5E84455-F4AB-4961-9200-48383004895C}"
EndProject
Global
	GlobalSection(SolutionConfigurationPlatforms) = preSolution
		Debug|Any CPU = Debug|Any CPU
		Release|Any CPU = Release|Any CPU
	EndGlobalSection
	GlobalSection(ProjectConfigurationPlatforms) = postSolution
		{D5E84455-F4AB-4961-9200-48383004895C}.Debug|Any CPU.ActiveCfg = Debug|Any CPU
		{D5E84455-F4AB-4961-9200-48383004895C}.Debug|Any CPU.Build.0 = Debug|Any CPU
		{D5E84455-F4AB-4961-9200-48383004895C}.Release|Any CPU.ActiveCfg = Release|Any CPU
		{D5E84455-F4AB-4961-9200-48383004895C}.Release|Any CPU.Build.0 = Release|Any CPU
	EndGlobalSection
	GlobalSection(SolutionProperties) = preSolution
		HideSolutionNode = FALSE
	EndGlobalSection
	GlobalSection(ExtensibilityGlobals) = postSolution
		SolutionGuid = {7CCDB68C-69B5-48AA-A3B9-60D8E2014EA1}
	EndGlobalSection
EndGlobal
